
Microsoft Visual Studio Solution File, Format Version 12.00
# Visual Studio Version 17
VisualStudioVersion = 17.14.36705.20 d17.14
MinimumVisualStudioVersion = 10.0.40219.1
Project("{FAE04EC0-301F-11D3-BF4B-00C04F79EFBC}") = "MiBibliotecaAPI", "MiBibliotecaAPI.csproj", "{3DBC4132-C9B9-1B25-B851-D75259F90958}"
EndProject
Global
	GlobalSection(SolutionConfigurationPlatforms) = preSolution
		Debug|Any CPU = Debug|Any CPU
		Release|Any CPU = Release|Any CPU
	EndGlobalSection
	GlobalSection(ProjectConfigurationPlatforms) = postSolution
		{3DBC4132-C9B9-1B25-B851-D75259F90958}.Debug|Any CPU.ActiveCfg = Debug|Any CPU
		{3DBC4132-C9B9-1B25-B851-D75259F90958}.Debug|Any CPU.Build.0 = Debug|Any CPU
		{3DBC4132-C9B9-1B25-B851-D75259F90958}.Release|Any CPU.ActiveCfg = Release|Any CPU
		{3DBC4132-C9B9-1B25-B851-D75259F90958}.Release|Any CPU.Build.0 = Release|Any CPU
	EndGlobalSection
	GlobalSection(SolutionProperties) = preSolution
		HideSolutionNode = FALSE
	EndGlobalSection
	GlobalSection(ExtensibilityGlobals) = postSolution
		SolutionGuid = {017BD875-6FED-45E8-9F65-3855634E26BB}
	EndGlobalSection
EndGlobal
